
Microsoft Visual Studio Solution File, Format Version 12.00
# Visual Studio 15
VisualStudioVersion = 15.0.28307.106
MinimumVisualStudioVersion = 10.0.40219.1
Project("{FAE04EC0-301F-11D3-BF4B-00C04F79EFBC}") = "Example", "Example\Example.csproj", "{8232F21C-2AF1-420E-AE4C-724E82DFC018}"
EndProject
Global
	GlobalSection(SolutionConfigurationPlatforms) = preSolution
		Debug|Any CPU = Debug|Any CPU
		Release|Any CPU = Release|Any CPU
	EndGlobalSection
	GlobalSection(ProjectConfigurationPlatforms) = postSolution
		{8232F21C-2AF1-420E-AE4C-724E82DFC018}.Debug|Any CPU.ActiveCfg = Debug|Any CPU
		{8232F21C-2AF1-420E-AE4C-724E82DFC018}.Debug|Any CPU.Build.0 = Debug|Any CPU
		{8232F21C-2AF1-420E-AE4C-724E82DFC018}.Release|Any CPU.ActiveCfg = Release|Any CPU
		{8232F21C-2AF1-420E-AE4C-724E82DFC018}.Release|Any CPU.Build.0 = Release|Any CPU
	EndGlobalSection
	GlobalSection(SolutionProperties) = preSolution
		HideSolutionNode = FALSE
	EndGlobalSection
	GlobalSection(ExtensibilityGlobals) = postSolution
		SolutionGuid = {32FDA715-07F0-4FA5-BEAF-DDB871C28402}
	EndGlobalSection
EndGlobal
