
Microsoft Visual Studio Solution File, Format Version 12.00
# Visual Studio 15
VisualStudioVersion = 15.0.28307.106
MinimumVisualStudioVersion = 10.0.40219.1
Project("{FAE04EC0-301F-11D3-BF4B-00C04F79EFBC}") = "KartGame", "KartGame\KartGame.csproj", "{4EC4F556-9936-4A40-8A76-5B9166F69736}"
EndProject
Project("{FAE04EC0-301F-11D3-BF4B-00C04F79EFBC}") = "ShootingGame", "ShootingGame\ShootingGame.csproj", "{A8B41F97-0D60-43F0-AA1A-5AFB4384196F}"
EndProject
Project("{FAE04EC0-301F-11D3-BF4B-00C04F79EFBC}") = "InterfaceBasic", "InterfaceBasic\InterfaceBasic.csproj", "{3E1C1BF8-57EA-4D69-ACC1-CE750D1BF858}"
EndProject
Project("{FAE04EC0-301F-11D3-BF4B-00C04F79EFBC}") = "AbstractMethod", "AbstractMethod\AbstractMethod.csproj", "{34D89364-69BD-48A5-97FF-376B60CF81EF}"
EndProject
Project("{FAE04EC0-301F-11D3-BF4B-00C04F79EFBC}") = "TemplatePatteern", "TemplatePatteern\TemplatePatteern.csproj", "{87123176-574D-403F-900A-FF0FD360BC87}"
EndProject
Project("{FAE04EC0-301F-11D3-BF4B-00C04F79EFBC}") = "ConsoleApp1", "ConsoleApp1\ConsoleApp1.csproj", "{5D8FBC69-99DD-413E-96BD-C063BB581602}"
EndProject
Project("{FAE04EC0-301F-11D3-BF4B-00C04F79EFBC}") = "SampleDraw", "SampleDraw\SampleDraw.csproj", "{EC16B982-28BA-4FD5-A3F7-A0C22477E46D}"
EndProject
Global
	GlobalSection(SolutionConfigurationPlatforms) = preSolution
		Debug|Any CPU = Debug|Any CPU
		Release|Any CPU = Release|Any CPU
	EndGlobalSection
	GlobalSection(ProjectConfigurationPlatforms) = postSolution
		{4EC4F556-9936-4A40-8A76-5B9166F69736}.Debug|Any CPU.ActiveCfg = Debug|Any CPU
		{4EC4F556-9936-4A40-8A76-5B9166F69736}.Debug|Any CPU.Build.0 = Debug|Any CPU
		{4EC4F556-9936-4A40-8A76-5B9166F69736}.Release|Any CPU.ActiveCfg = Release|Any CPU
		{4EC4F556-9936-4A40-8A76-5B9166F69736}.Release|Any CPU.Build.0 = Release|Any CPU
		{A8B41F97-0D60-43F0-AA1A-5AFB4384196F}.Debug|Any CPU.ActiveCfg = Debug|Any CPU
		{A8B41F97-0D60-43F0-AA1A-5AFB4384196F}.Debug|Any CPU.Build.0 = Debug|Any CPU
		{A8B41F97-0D60-43F0-AA1A-5AFB4384196F}.Release|Any CPU.ActiveCfg = Release|Any CPU
		{A8B41F97-0D60-43F0-AA1A-5AFB4384196F}.Release|Any CPU.Build.0 = Release|Any CPU
		{3E1C1BF8-57EA-4D69-ACC1-CE750D1BF858}.Debug|Any CPU.ActiveCfg = Debug|Any CPU
		{3E1C1BF8-57EA-4D69-ACC1-CE750D1BF858}.Debug|Any CPU.Build.0 = Debug|Any CPU
		{3E1C1BF8-57EA-4D69-ACC1-CE750D1BF858}.Release|Any CPU.ActiveCfg = Release|Any CPU
		{3E1C1BF8-57EA-4D69-ACC1-CE750D1BF858}.Release|Any CPU.Build.0 = Release|Any CPU
		{34D89364-69BD-48A5-97FF-376B60CF81EF}.Debug|Any CPU.ActiveCfg = Debug|Any CPU
		{34D89364-69BD-48A5-97FF-376B60CF81EF}.Debug|Any CPU.Build.0 = Debug|Any CPU
		{34D89364-69BD-48A5-97FF-376B60CF81EF}.Release|Any CPU.ActiveCfg = Release|Any CPU
		{34D89364-69BD-48A5-97FF-376B60CF81EF}.Release|Any CPU.Build.0 = Release|Any CPU
		{87123176-574D-403F-900A-FF0FD360BC87}.Debug|Any CPU.ActiveCfg = Debug|Any CPU
		{87123176-574D-403F-900A-FF0FD360BC87}.Debug|Any CPU.Build.0 = Debug|Any CPU
		{87123176-574D-403F-900A-FF0FD360BC87}.Release|Any CPU.ActiveCfg = Release|Any CPU
		{87123176-574D-403F-900A-FF0FD360BC87}.Release|Any CPU.Build.0 = Release|Any CPU
		{5D8FBC69-99DD-413E-96BD-C063BB581602}.Debug|Any CPU.ActiveCfg = Debug|Any CPU
		{5D8FBC69-99DD-413E-96BD-C063BB581602}.Debug|Any CPU.Build.0 = Debug|Any CPU
		{5D8FBC69-99DD-413E-96BD-C063BB581602}.Release|Any CPU.ActiveCfg = Release|Any CPU
		{5D8FBC69-99DD-413E-96BD-C063BB581602}.Release|Any CPU.Build.0 = Release|Any CPU
		{EC16B982-28BA-4FD5-A3F7-A0C22477E46D}.Debug|Any CPU.ActiveCfg = Debug|Any CPU
		{EC16B982-28BA-4FD5-A3F7-A0C22477E46D}.Debug|Any CPU.Build.0 = Debug|Any CPU
		{EC16B982-28BA-4FD5-A3F7-A0C22477E46D}.Release|Any CPU.ActiveCfg = Release|Any CPU
		{EC16B982-28BA-4FD5-A3F7-A0C22477E46D}.Release|Any CPU.Build.0 = Release|Any CPU
	EndGlobalSection
	GlobalSection(SolutionProperties) = preSolution
		HideSolutionNode = FALSE
	EndGlobalSection
	GlobalSection(ExtensibilityGlobals) = postSolution
		SolutionGuid = {DB4A7C23-B742-49A7-BE6E-12F9AAC669BB}
	EndGlobalSection
EndGlobal
